
Microsoft Visual Studio Solution File, Format Version 12.00
# Visual Studio Version 16
VisualStudioVersion = 16.0.30002.166
MinimumVisualStudioVersion = 10.0.40219.1
Project("{FAE04EC0-301F-11D3-BF4B-00C04F79EFBC}") = "Zadanko3", "Zadanko3\Zadanko3.csproj", "{14C99F43-3EB0-42B4-9561-FB0EF4BD2C0C}"
EndProject
Global
	GlobalSection(SolutionConfigurationPlatforms) = preSolution
		Debug|Any CPU = Debug|Any CPU
		Release|Any CPU = Release|Any CPU
	EndGlobalSection
	GlobalSection(ProjectConfigurationPlatforms) = postSolution
		{14C99F43-3EB0-42B4-9561-FB0EF4BD2C0C}.Debug|Any CPU.ActiveCfg = Debug|Any CPU
		{14C99F43-3EB0-42B4-9561-FB0EF4BD2C0C}.Debug|Any CPU.Build.0 = Debug|Any CPU
		{14C99F43-3EB0-42B4-9561-FB0EF4BD2C0C}.Release|Any CPU.ActiveCfg = Release|Any CPU
		{14C99F43-3EB0-42B4-9561-FB0EF4BD2C0C}.Release|Any CPU.Build.0 = Release|Any CPU
	EndGlobalSection
	GlobalSection(SolutionProperties) = preSolution
		HideSolutionNode = FALSE
	EndGlobalSection
	GlobalSection(ExtensibilityGlobals) = postSolution
		SolutionGuid = {E703770B-6D32-4002-9E73-326460F23357}
	EndGlobalSection
EndGlobal
